{
  "lockfileVersion": 1,
  "configVersion": 1,
  "workspaces": {
    "": {
      "name": "test-bun-monorepo",
    },
    "packages/core": {
      "name": "@test-monorepo/core",
      "version": "1.0.0",
      "dependencies": {
        "@test-monorepo/utils": "workspace:*",
        "react": "catalog:",
        "react-dom": "catalog:",
      },
      "devDependencies": {
        "typescript": "^5.3.0",
      },
    },
    "packages/utils": {
      "name": "@test-monorepo/utils",
      "version": "1.0.0",
      "dependencies": {
        "chalk": "^5.3.0",
      },
      "devDependencies": {
        "typescript": "^5.3.0",
      },
    },
  },
  "catalog": {
    "react": "^19.0.0",
    "react-dom": "^19.0.0",
  },
  "packages": {
    "@test-monorepo/core": ["@test-monorepo/core@workspace:packages/core"],

    "@test-monorepo/utils": ["@test-monorepo/utils@workspace:packages/utils"],

    "chalk": ["chalk@5.6.2", "", {}, "sha512-7NzBL0rN6fMUW+f7A6Io4h40qQlG+xGmtMxfbnH/K7TAtt8JQWVQK+6g0UXKMeVJoyV5EkkNsErQ8pVD3bLHbA=="],

    "react": ["react@19.2.4", "", {}, "sha512-9nfp2hYpCwOjAN+8TZFGhtWEwgvWHXqESH8qT89AT/lWklpLON22Lc8pEtnpsZz7VmawabSU0gCjnj8aC0euHQ=="],

    "react-dom": ["react-dom@19.2.4", "", { "dependencies": { "scheduler": "^0.27.0" }, "peerDependencies": { "react": "^19.2.4" } }, "sha512-AXJdLo8kgMbimY95O2aKQqsz2iWi9jMgKJhRBAxECE4IFxfcazB2LmzloIoibJI3C12IlY20+KFaLv+71bUJeQ=="],

    "scheduler": ["scheduler@0.27.0", "", {}, "sha512-eNv+WrVbKu1f3vbYJT/xtiF5syA5HPIMtf9IgY/nKg0sWqzAUEvqY/xm7OcZc/qafLx/iO9FgOmeSAp4v5ti/Q=="],

    "typescript": ["typescript@5.9.3", "", { "bin": { "tsc": "bin/tsc", "tsserver": "bin/tsserver" } }, "sha512-jl1vZzPDinLr9eUt3J/t7V6FgNEw9QjvBPdysz9KfQDD41fQrC2Y4vKQdiaUpFT4bXlb1RHhLpp8wtm6M5TgSw=="],
  }
}
