__metadata:
  version: 8
  cacheKey: 10c0

"my-monorepo@workspace:.":
  version: 0.0.0-use.local
  resolution: "my-monorepo@workspace:."
  dependencies:
    "@my-monorepo/web": "workspace:*"
    "@my-monorepo/shared": "workspace:*"
  devDependencies:
    typescript: "npm:^5.3.0"
  languageName: unknown
  linkType: soft

"@my-monorepo/web@workspace:packages/web":
  version: 0.0.0-use.local
  resolution: "@my-monorepo/web@workspace:packages/web"
  dependencies:
    "@my-monorepo/shared": "workspace:*"
    react: "npm:^18.2.0"
  languageName: unknown
  linkType: soft

"@my-monorepo/shared@workspace:packages/shared":
  version: 0.0.0-use.local
  resolution: "@my-monorepo/shared@workspace:packages/shared"
  dependencies:
    date-fns: "npm:^3.0.0"
  languageName: unknown
  linkType: soft

"react@npm:^18.2.0":
  version: 18.3.1
  resolution: "react@npm:18.3.1"
  dependencies:
    loose-envify: "npm:^1.1.0"
  checksum: a27bcfa8a3456dce543d30afaddf66e19d4e7b534024a4af194e9ef879f5eb8cabfae55444ee02e9080a021e127eae50e06a0748f13e55a4fa6e4efe85e0c20ed
  languageName: node
  linkType: hard

"loose-envify@npm:^1.1.0":
  version: 1.4.0
  resolution: "loose-envify@npm:1.4.0"
  dependencies:
    js-tokens: "npm:^3.0.0 || ^4.0.0"
  bin:
    loose-envify: cli.js
  checksum: 6517e24e0cead87ec9888f500c5b5947032cdfe6ef65e1c1936a0c48a524b81e65542c9c3da58e20ae3b4a817d7e0435c14dce28ff3de834c233adff2e533ebc8
  languageName: node
  linkType: hard

"js-tokens@npm:^3.0.0 || ^4.0.0":
  version: 4.0.0
  resolution: "js-tokens@npm:4.0.0"
  checksum: af37d0d913fb56aec6dc0074c163cc71cd23c0b8f6385a8e1966db44db9a39069cfb8958d03bf5c8e0abcdee48ed7b238a1d3c28a3a03e1a25f401ee41c0ec812
  languageName: node
  linkType: hard

"date-fns@npm:^3.0.0":
  version: 3.6.0
  resolution: "date-fns@npm:3.6.0"
  checksum: 916fe97c7f82ce49c27ada8a80f8e86e2f72c844ef51c7b76c8a68dfae4fefdf6e08641d8fa3cc49c16dcda033e69a39dc2f91b9e480e7f20e1f57e70b2e83893
  languageName: node
  linkType: hard

"typescript@npm:^5.3.0":
  version: 5.3.3
  resolution: "typescript@npm:5.3.3"
  bin:
    tsc: bin/tsc
    tsserver: bin/tsserver
  checksum: a9e85e2c87c38b2bb7a9fb11c40e0e39aae17cf6a503c4e8e41e1dd0abb6e16ac3f3a91c4fc3d4c24aaf09cdd30e2d97ba5af4e01a52df6e8efac1e7c90a5dc2c
  languageName: node
  linkType: hard
