lockfileVersion: '9.0'

settings:
  autoInstallPeers: true
  excludeLinksFromLockfile: false

catalogs:
  default:
    lodash:
      specifier: ^4.17.23
      version: 4.17.23

importers:

  .: {}

  packages/core:
    dependencies:
      '@test-monorepo/utils':
        specifier: workspace:*
        version: link:../utils
      lodash:
        specifier: 'catalog:'
        version: 4.17.23

  packages/utils:
    devDependencies:
      typescript:
        specifier: ^5.3.0
        version: 5.9.3

packages:

  lodash@4.17.23:
    resolution: {integrity: sha512-LgVTMpQtIopCi79SJeDiP0TfWi5CNEc/L/aRdTh3yIvmZXTnheWpKjSZhnvMl8iXbC1tFg9gdHHDMLoV7CnG+w==}

  typescript@5.9.3:
    resolution: {integrity: sha512-jl1vZzPDinLr9eUt3J/t7V6FgNEw9QjvBPdysz9KfQDD41fQrC2Y4vKQdiaUpFT4bXlb1RHhLpp8wtm6M5TgSw==}
    engines: {node: '>=14.17'}
    hasBin: true

snapshots:

  lodash@4.17.23: {}

  typescript@5.9.3: {}
