# This file is generated by running "yarn install" inside your project.
# Manual changes might be lost - proceed with caution!

__metadata:
  version: 8
  cacheKey: 10c0

"@test-monorepo/core@workspace:packages/core":
  version: 0.0.0-use.local
  resolution: "@test-monorepo/core@workspace:packages/core"
  dependencies:
    "@test-monorepo/utils": "workspace:*"
    lodash: "npm:^4.17.21"
    typescript: "npm:^5.3.0"
  languageName: unknown
  linkType: soft

"@test-monorepo/utils@workspace:*, @test-monorepo/utils@workspace:packages/utils":
  version: 0.0.0-use.local
  resolution: "@test-monorepo/utils@workspace:packages/utils"
  dependencies:
    chalk: "npm:^5.3.0"
    typescript: "npm:^5.3.0"
  languageName: unknown
  linkType: soft

"chalk@npm:^5.3.0":
  version: 5.6.2
  resolution: "chalk@npm:5.6.2"
  checksum: 10c0/99a4b0f0e7991796b1e7e3f52dceb9137cae2a9dfc8fc0784a550dc4c558e15ab32ed70b14b21b52beb2679b4892b41a0aa44249bcb996f01e125d58477c6976
  languageName: node
  linkType: hard

"lodash@npm:^4.17.21":
  version: 4.17.23
  resolution: "lodash@npm:4.17.23"
  checksum: 10c0/1264a90469f5bb95d4739c43eb6277d15b6d9e186df4ac68c3620443160fc669e2f14c11e7d8b2ccf078b81d06147c01a8ccced9aab9f9f63d50dcf8cace6bf6
  languageName: node
  linkType: hard

"test-yarn-monorepo@workspace:.":
  version: 0.0.0-use.local
  resolution: "test-yarn-monorepo@workspace:."
  dependencies:
    typescript: "npm:^5.3.0"
  languageName: unknown
  linkType: soft

"typescript@npm:^5.3.0":
  version: 5.9.3
  resolution: "typescript@npm:5.9.3"
  bin:
    tsc: bin/tsc
    tsserver: bin/tsserver
  checksum: 10c0/6bd7552ce39f97e711db5aa048f6f9995b53f1c52f7d8667c1abdc1700c68a76a308f579cd309ce6b53646deb4e9a1be7c813a93baaf0a28ccd536a30270e1c5
  languageName: node
  linkType: hard

"typescript@patch:typescript@npm%3A^5.3.0#optional!builtin<compat/typescript>":
  version: 5.9.3
  resolution: "typescript@patch:typescript@npm%3A5.9.3#optional!builtin<compat/typescript>::version=5.9.3&hash=5786d5"
  bin:
    tsc: bin/tsc
    tsserver: bin/tsserver
  checksum: 10c0/ad09fdf7a756814dce65bc60c1657b40d44451346858eea230e10f2e95a289d9183b6e32e5c11e95acc0ccc214b4f36289dcad4bf1886b0adb84d711d336a430
  languageName: node
  linkType: hard
